
Microsoft Visual Studio Solution File, Format Version 12.00
# Visual Studio Version 17
VisualStudioVersion = 17.0.32014.148
MinimumVisualStudioVersion = 10.0.40219.1
Project("{9A19103F-16F7-4668-BE54-9A1E7A4F7556}") = "Train", "Train\Train.csproj", "{060880C3-8E09-4EFD-97CF-818313DBE280}"
EndProject
Project("{9A19103F-16F7-4668-BE54-9A1E7A4F7556}") = "CommonElements", "CommonElements\CommonElements.csproj", "{89C2ACA8-B7F0-4BFF-81CE-80AA45973F23}"
EndProject
Project("{9A19103F-16F7-4668-BE54-9A1E7A4F7556}") = "ZigZagArrays", "ZigZagArrays\ZigZagArrays.csproj", "{AB3A9FA0-674B-4D68-8A82-856017917D4D}"
EndProject
Project("{9A19103F-16F7-4668-BE54-9A1E7A4F7556}") = "ArrayRotation", "ArrayRotation\ArrayRotation.csproj", "{EFE0F910-AB66-42BA-A130-CE5424EA3825}"
EndProject
Project("{9A19103F-16F7-4668-BE54-9A1E7A4F7556}") = "TopIntegers", "TopIntegers\TopIntegers.csproj", "{AB53429D-618E-4DBE-85D2-FC87A5519461}"
EndProject
Project("{9A19103F-16F7-4668-BE54-9A1E7A4F7556}") = "EqualSum", "EqualSum\EqualSum.csproj", "{EFE700D3-0E33-4ED8-AB7A-FC6DA39EB872}"
EndProject
Project("{9A19103F-16F7-4668-BE54-9A1E7A4F7556}") = "MaxSequenceOfNums", "MaxSequenceOfNums\MaxSequenceOfNums.csproj", "{BD0EB410-70BD-4E7D-8D6E-9D535EF5759B}"
EndProject
Project("{9A19103F-16F7-4668-BE54-9A1E7A4F7556}") = "MagicSum", "MagicSum\MagicSum.csproj", "{1C1C2B07-5599-4CEF-A3AC-1142D0BDA3E7}"
EndProject
Project("{9A19103F-16F7-4668-BE54-9A1E7A4F7556}") = "KaminoFactory", "KaminoFactory\KaminoFactory.csproj", "{A3417C4C-BEB9-48E2-A12A-6FDC6C33383E}"
EndProject
Project("{9A19103F-16F7-4668-BE54-9A1E7A4F7556}") = "LadyBugs", "LadyBugs\LadyBugs.csproj", "{47E4A415-4710-4280-8910-C9F783C832D7}"
EndProject
Project("{2150E333-8FDC-42A3-9474-1A3956D46DE8}") = "moreExercise", "moreExercise", "{67F584E8-3525-47FB-8FFF-3962F0188CF1}"
EndProject
Project("{9A19103F-16F7-4668-BE54-9A1E7A4F7556}") = "EncryptSortPrint", "EncryptSortPrint\EncryptSortPrint.csproj", "{536B893B-2CFD-4F20-ACBF-5724330CC623}"
EndProject
Project("{9A19103F-16F7-4668-BE54-9A1E7A4F7556}") = "PascalTriangle", "PascalTriangle\PascalTriangle.csproj", "{966A7F96-6AC8-413C-B202-392E57C9D849}"
EndProject
Project("{9A19103F-16F7-4668-BE54-9A1E7A4F7556}") = "RecursiveFibonacci", "RecursiveFibonacci\RecursiveFibonacci.csproj", "{8090053C-2800-4FB2-880B-47610FEF3C69}"
EndProject
Project("{9A19103F-16F7-4668-BE54-9A1E7A4F7556}") = "FoldAndSum", "FoldAndSum\FoldAndSum.csproj", "{83E8E60F-5CF2-4B33-9399-5E0A4703B766}"
EndProject
Project("{9A19103F-16F7-4668-BE54-9A1E7A4F7556}") = "FoldAndSumTest", "FoldAndSumTest\FoldAndSumTest.csproj", "{47BD3160-311F-48A6-8EAB-B46001F931EC}"
EndProject
Project("{FAE04EC0-301F-11D3-BF4B-00C04F79EFBC}") = "LIS", "LIS\LIS.csproj", "{2A5E0609-DA07-4F0A-A1B1-A7CC90AA1520}"
EndProject
Project("{2150E333-8FDC-42A3-9474-1A3956D46DE8}") = "Exercise", "Exercise", "{E6002BC3-DE38-4FDF-9454-BC513FED9BE8}"
EndProject
Global
	GlobalSection(SolutionConfigurationPlatforms) = preSolution
		Debug|Any CPU = Debug|Any CPU
		Release|Any CPU = Release|Any CPU
	EndGlobalSection
	GlobalSection(ProjectConfigurationPlatforms) = postSolution
		{060880C3-8E09-4EFD-97CF-818313DBE280}.Debug|Any CPU.ActiveCfg = Debug|Any CPU
		{060880C3-8E09-4EFD-97CF-818313DBE280}.Debug|Any CPU.Build.0 = Debug|Any CPU
		{060880C3-8E09-4EFD-97CF-818313DBE280}.Release|Any CPU.ActiveCfg = Release|Any CPU
		{060880C3-8E09-4EFD-97CF-818313DBE280}.Release|Any CPU.Build.0 = Release|Any CPU
		{89C2ACA8-B7F0-4BFF-81CE-80AA45973F23}.Debug|Any CPU.ActiveCfg = Debug|Any CPU
		{89C2ACA8-B7F0-4BFF-81CE-80AA45973F23}.Debug|Any CPU.Build.0 = Debug|Any CPU
		{89C2ACA8-B7F0-4BFF-81CE-80AA45973F23}.Release|Any CPU.ActiveCfg = Release|Any CPU
		{89C2ACA8-B7F0-4BFF-81CE-80AA45973F23}.Release|Any CPU.Build.0 = Release|Any CPU
		{AB3A9FA0-674B-4D68-8A82-856017917D4D}.Debug|Any CPU.ActiveCfg = Debug|Any CPU
		{AB3A9FA0-674B-4D68-8A82-856017917D4D}.Debug|Any CPU.Build.0 = Debug|Any CPU
		{AB3A9FA0-674B-4D68-8A82-856017917D4D}.Release|Any CPU.ActiveCfg = Release|Any CPU
		{AB3A9FA0-674B-4D68-8A82-856017917D4D}.Release|Any CPU.Build.0 = Release|Any CPU
		{EFE0F910-AB66-42BA-A130-CE5424EA3825}.Debug|Any CPU.ActiveCfg = Debug|Any CPU
		{EFE0F910-AB66-42BA-A130-CE5424EA3825}.Debug|Any CPU.Build.0 = Debug|Any CPU
		{EFE0F910-AB66-42BA-A130-CE5424EA3825}.Release|Any CPU.ActiveCfg = Release|Any CPU
		{EFE0F910-AB66-42BA-A130-CE5424EA3825}.Release|Any CPU.Build.0 = Release|Any CPU
		{AB53429D-618E-4DBE-85D2-FC87A5519461}.Debug|Any CPU.ActiveCfg = Debug|Any CPU
		{AB53429D-618E-4DBE-85D2-FC87A5519461}.Debug|Any CPU.Build.0 = Debug|Any CPU
		{AB53429D-618E-4DBE-85D2-FC87A5519461}.Release|Any CPU.ActiveCfg = Release|Any CPU
		{AB53429D-618E-4DBE-85D2-FC87A5519461}.Release|Any CPU.Build.0 = Release|Any CPU
		{EFE700D3-0E33-4ED8-AB7A-FC6DA39EB872}.Debug|Any CPU.ActiveCfg = Debug|Any CPU
		{EFE700D3-0E33-4ED8-AB7A-FC6DA39EB872}.Debug|Any CPU.Build.0 = Debug|Any CPU
		{EFE700D3-0E33-4ED8-AB7A-FC6DA39EB872}.Release|Any CPU.ActiveCfg = Release|Any CPU
		{EFE700D3-0E33-4ED8-AB7A-FC6DA39EB872}.Release|Any CPU.Build.0 = Release|Any CPU
		{BD0EB410-70BD-4E7D-8D6E-9D535EF5759B}.Debug|Any CPU.ActiveCfg = Debug|Any CPU
		{BD0EB410-70BD-4E7D-8D6E-9D535EF5759B}.Debug|Any CPU.Build.0 = Debug|Any CPU
		{BD0EB410-70BD-4E7D-8D6E-9D535EF5759B}.Release|Any CPU.ActiveCfg = Release|Any CPU
		{BD0EB410-70BD-4E7D-8D6E-9D535EF5759B}.Release|Any CPU.Build.0 = Release|Any CPU
		{1C1C2B07-5599-4CEF-A3AC-1142D0BDA3E7}.Debug|Any CPU.ActiveCfg = Debug|Any CPU
		{1C1C2B07-5599-4CEF-A3AC-1142D0BDA3E7}.Debug|Any CPU.Build.0 = Debug|Any CPU
		{1C1C2B07-5599-4CEF-A3AC-1142D0BDA3E7}.Release|Any CPU.ActiveCfg = Release|Any CPU
		{1C1C2B07-5599-4CEF-A3AC-1142D0BDA3E7}.Release|Any CPU.Build.0 = Release|Any CPU
		{A3417C4C-BEB9-48E2-A12A-6FDC6C33383E}.Debug|Any CPU.ActiveCfg = Debug|Any CPU
		{A3417C4C-BEB9-48E2-A12A-6FDC6C33383E}.Debug|Any CPU.Build.0 = Debug|Any CPU
		{A3417C4C-BEB9-48E2-A12A-6FDC6C33383E}.Release|Any CPU.ActiveCfg = Release|Any CPU
		{A3417C4C-BEB9-48E2-A12A-6FDC6C33383E}.Release|Any CPU.Build.0 = Release|Any CPU
		{47E4A415-4710-4280-8910-C9F783C832D7}.Debug|Any CPU.ActiveCfg = Debug|Any CPU
		{47E4A415-4710-4280-8910-C9F783C832D7}.Debug|Any CPU.Build.0 = Debug|Any CPU
		{47E4A415-4710-4280-8910-C9F783C832D7}.Release|Any CPU.ActiveCfg = Release|Any CPU
		{47E4A415-4710-4280-8910-C9F783C832D7}.Release|Any CPU.Build.0 = Release|Any CPU
		{536B893B-2CFD-4F20-ACBF-5724330CC623}.Debug|Any CPU.ActiveCfg = Debug|Any CPU
		{536B893B-2CFD-4F20-ACBF-5724330CC623}.Debug|Any CPU.Build.0 = Debug|Any CPU
		{536B893B-2CFD-4F20-ACBF-5724330CC623}.Release|Any CPU.ActiveCfg = Release|Any CPU
		{536B893B-2CFD-4F20-ACBF-5724330CC623}.Release|Any CPU.Build.0 = Release|Any CPU
		{966A7F96-6AC8-413C-B202-392E57C9D849}.Debug|Any CPU.ActiveCfg = Debug|Any CPU
		{966A7F96-6AC8-413C-B202-392E57C9D849}.Debug|Any CPU.Build.0 = Debug|Any CPU
		{966A7F96-6AC8-413C-B202-392E57C9D849}.Release|Any CPU.ActiveCfg = Release|Any CPU
		{966A7F96-6AC8-413C-B202-392E57C9D849}.Release|Any CPU.Build.0 = Release|Any CPU
		{8090053C-2800-4FB2-880B-47610FEF3C69}.Debug|Any CPU.ActiveCfg = Debug|Any CPU
		{8090053C-2800-4FB2-880B-47610FEF3C69}.Debug|Any CPU.Build.0 = Debug|Any CPU
		{8090053C-2800-4FB2-880B-47610FEF3C69}.Release|Any CPU.ActiveCfg = Release|Any CPU
		{8090053C-2800-4FB2-880B-47610FEF3C69}.Release|Any CPU.Build.0 = Release|Any CPU
		{83E8E60F-5CF2-4B33-9399-5E0A4703B766}.Debug|Any CPU.ActiveCfg = Debug|Any CPU
		{83E8E60F-5CF2-4B33-9399-5E0A4703B766}.Debug|Any CPU.Build.0 = Debug|Any CPU
		{83E8E60F-5CF2-4B33-9399-5E0A4703B766}.Release|Any CPU.ActiveCfg = Release|Any CPU
		{83E8E60F-5CF2-4B33-9399-5E0A4703B766}.Release|Any CPU.Build.0 = Release|Any CPU
		{47BD3160-311F-48A6-8EAB-B46001F931EC}.Debug|Any CPU.ActiveCfg = Debug|Any CPU
		{47BD3160-311F-48A6-8EAB-B46001F931EC}.Debug|Any CPU.Build.0 = Debug|Any CPU
		{47BD3160-311F-48A6-8EAB-B46001F931EC}.Release|Any CPU.ActiveCfg = Release|Any CPU
		{47BD3160-311F-48A6-8EAB-B46001F931EC}.Release|Any CPU.Build.0 = Release|Any CPU
		{2A5E0609-DA07-4F0A-A1B1-A7CC90AA1520}.Debug|Any CPU.ActiveCfg = Debug|Any CPU
		{2A5E0609-DA07-4F0A-A1B1-A7CC90AA1520}.Debug|Any CPU.Build.0 = Debug|Any CPU
		{2A5E0609-DA07-4F0A-A1B1-A7CC90AA1520}.Release|Any CPU.ActiveCfg = Release|Any CPU
		{2A5E0609-DA07-4F0A-A1B1-A7CC90AA1520}.Release|Any CPU.Build.0 = Release|Any CPU
	EndGlobalSection
	GlobalSection(SolutionProperties) = preSolution
		HideSolutionNode = FALSE
	EndGlobalSection
	GlobalSection(NestedProjects) = preSolution
		{060880C3-8E09-4EFD-97CF-818313DBE280} = {E6002BC3-DE38-4FDF-9454-BC513FED9BE8}
		{89C2ACA8-B7F0-4BFF-81CE-80AA45973F23} = {E6002BC3-DE38-4FDF-9454-BC513FED9BE8}
		{AB3A9FA0-674B-4D68-8A82-856017917D4D} = {E6002BC3-DE38-4FDF-9454-BC513FED9BE8}
		{EFE0F910-AB66-42BA-A130-CE5424EA3825} = {E6002BC3-DE38-4FDF-9454-BC513FED9BE8}
		{AB53429D-618E-4DBE-85D2-FC87A5519461} = {E6002BC3-DE38-4FDF-9454-BC513FED9BE8}
		{EFE700D3-0E33-4ED8-AB7A-FC6DA39EB872} = {E6002BC3-DE38-4FDF-9454-BC513FED9BE8}
		{BD0EB410-70BD-4E7D-8D6E-9D535EF5759B} = {E6002BC3-DE38-4FDF-9454-BC513FED9BE8}
		{1C1C2B07-5599-4CEF-A3AC-1142D0BDA3E7} = {E6002BC3-DE38-4FDF-9454-BC513FED9BE8}
		{A3417C4C-BEB9-48E2-A12A-6FDC6C33383E} = {E6002BC3-DE38-4FDF-9454-BC513FED9BE8}
		{47E4A415-4710-4280-8910-C9F783C832D7} = {E6002BC3-DE38-4FDF-9454-BC513FED9BE8}
		{536B893B-2CFD-4F20-ACBF-5724330CC623} = {67F584E8-3525-47FB-8FFF-3962F0188CF1}
		{966A7F96-6AC8-413C-B202-392E57C9D849} = {67F584E8-3525-47FB-8FFF-3962F0188CF1}
		{8090053C-2800-4FB2-880B-47610FEF3C69} = {67F584E8-3525-47FB-8FFF-3962F0188CF1}
		{83E8E60F-5CF2-4B33-9399-5E0A4703B766} = {67F584E8-3525-47FB-8FFF-3962F0188CF1}
		{47BD3160-311F-48A6-8EAB-B46001F931EC} = {67F584E8-3525-47FB-8FFF-3962F0188CF1}
		{2A5E0609-DA07-4F0A-A1B1-A7CC90AA1520} = {67F584E8-3525-47FB-8FFF-3962F0188CF1}
	EndGlobalSection
	GlobalSection(ExtensibilityGlobals) = postSolution
		SolutionGuid = {226F348B-765C-4A21-8B41-A18F4B302231}
	EndGlobalSection
EndGlobal
