
Microsoft Visual Studio Solution File, Format Version 12.00
# Visual Studio Version 17
VisualStudioVersion = 17.0.32014.148
MinimumVisualStudioVersion = 10.0.40219.1
Project("{9A19103F-16F7-4668-BE54-9A1E7A4F7556}") = "SmallestOfThreeNums", "SmallestOfThreeNums\SmallestOfThreeNums.csproj", "{F6C8462A-DDAD-4244-A26A-D86B4B398E19}"
EndProject
Project("{9A19103F-16F7-4668-BE54-9A1E7A4F7556}") = "VowelsCount", "VowelsCount\VowelsCount.csproj", "{5700D607-2F93-4561-AED1-1356FE1619B7}"
EndProject
Project("{9A19103F-16F7-4668-BE54-9A1E7A4F7556}") = "CharsInRange", "CharsInRange\CharsInRange.csproj", "{5C3A7B3E-A445-43AB-ADCA-75E9997117F0}"
EndProject
Project("{9A19103F-16F7-4668-BE54-9A1E7A4F7556}") = "PasswordValidator", "PasswordValidator\PasswordValidator.csproj", "{085D5C20-AC91-443D-8CB1-034843F6BDC1}"
EndProject
Project("{9A19103F-16F7-4668-BE54-9A1E7A4F7556}") = "AddAndSubtract", "AddAndSubtract\AddAndSubtract.csproj", "{04DB37BD-BB6D-41C1-A02A-CF5438CDE862}"
EndProject
Project("{9A19103F-16F7-4668-BE54-9A1E7A4F7556}") = "MiddleChars", "MiddleChars\MiddleChars.csproj", "{8544E633-F88F-43A8-9AF6-46186416FD71}"
EndProject
Project("{9A19103F-16F7-4668-BE54-9A1E7A4F7556}") = "NxN", "NxN\NxN.csproj", "{E7DD201F-4243-4DA9-86E8-4B9CDC6E1C72}"
EndProject
Project("{9A19103F-16F7-4668-BE54-9A1E7A4F7556}") = "FactorialDivision", "FactorialSum\FactorialDivision.csproj", "{809C8741-C5B6-4E60-A7F3-0C8070EF33A1}"
EndProject
Project("{9A19103F-16F7-4668-BE54-9A1E7A4F7556}") = "PalindromeIntegers", "PalindromeIntegers\PalindromeIntegers.csproj", "{9A76E86E-EFDC-4FC1-B6F8-18E018B4E070}"
EndProject
Project("{FAE04EC0-301F-11D3-BF4B-00C04F79EFBC}") = "TopNumber", "TopNumber\TopNumber.csproj", "{ED175768-923E-46E6-9854-ED59D8CE8266}"
EndProject
Global
	GlobalSection(SolutionConfigurationPlatforms) = preSolution
		Debug|Any CPU = Debug|Any CPU
		Release|Any CPU = Release|Any CPU
	EndGlobalSection
	GlobalSection(ProjectConfigurationPlatforms) = postSolution
		{F6C8462A-DDAD-4244-A26A-D86B4B398E19}.Debug|Any CPU.ActiveCfg = Debug|Any CPU
		{F6C8462A-DDAD-4244-A26A-D86B4B398E19}.Debug|Any CPU.Build.0 = Debug|Any CPU
		{F6C8462A-DDAD-4244-A26A-D86B4B398E19}.Release|Any CPU.ActiveCfg = Release|Any CPU
		{F6C8462A-DDAD-4244-A26A-D86B4B398E19}.Release|Any CPU.Build.0 = Release|Any CPU
		{5700D607-2F93-4561-AED1-1356FE1619B7}.Debug|Any CPU.ActiveCfg = Debug|Any CPU
		{5700D607-2F93-4561-AED1-1356FE1619B7}.Debug|Any CPU.Build.0 = Debug|Any CPU
		{5700D607-2F93-4561-AED1-1356FE1619B7}.Release|Any CPU.ActiveCfg = Release|Any CPU
		{5700D607-2F93-4561-AED1-1356FE1619B7}.Release|Any CPU.Build.0 = Release|Any CPU
		{5C3A7B3E-A445-43AB-ADCA-75E9997117F0}.Debug|Any CPU.ActiveCfg = Debug|Any CPU
		{5C3A7B3E-A445-43AB-ADCA-75E9997117F0}.Debug|Any CPU.Build.0 = Debug|Any CPU
		{5C3A7B3E-A445-43AB-ADCA-75E9997117F0}.Release|Any CPU.ActiveCfg = Release|Any CPU
		{5C3A7B3E-A445-43AB-ADCA-75E9997117F0}.Release|Any CPU.Build.0 = Release|Any CPU
		{085D5C20-AC91-443D-8CB1-034843F6BDC1}.Debug|Any CPU.ActiveCfg = Debug|Any CPU
		{085D5C20-AC91-443D-8CB1-034843F6BDC1}.Debug|Any CPU.Build.0 = Debug|Any CPU
		{085D5C20-AC91-443D-8CB1-034843F6BDC1}.Release|Any CPU.ActiveCfg = Release|Any CPU
		{085D5C20-AC91-443D-8CB1-034843F6BDC1}.Release|Any CPU.Build.0 = Release|Any CPU
		{04DB37BD-BB6D-41C1-A02A-CF5438CDE862}.Debug|Any CPU.ActiveCfg = Debug|Any CPU
		{04DB37BD-BB6D-41C1-A02A-CF5438CDE862}.Debug|Any CPU.Build.0 = Debug|Any CPU
		{04DB37BD-BB6D-41C1-A02A-CF5438CDE862}.Release|Any CPU.ActiveCfg = Release|Any CPU
		{04DB37BD-BB6D-41C1-A02A-CF5438CDE862}.Release|Any CPU.Build.0 = Release|Any CPU
		{8544E633-F88F-43A8-9AF6-46186416FD71}.Debug|Any CPU.ActiveCfg = Debug|Any CPU
		{8544E633-F88F-43A8-9AF6-46186416FD71}.Debug|Any CPU.Build.0 = Debug|Any CPU
		{8544E633-F88F-43A8-9AF6-46186416FD71}.Release|Any CPU.ActiveCfg = Release|Any CPU
		{8544E633-F88F-43A8-9AF6-46186416FD71}.Release|Any CPU.Build.0 = Release|Any CPU
		{E7DD201F-4243-4DA9-86E8-4B9CDC6E1C72}.Debug|Any CPU.ActiveCfg = Debug|Any CPU
		{E7DD201F-4243-4DA9-86E8-4B9CDC6E1C72}.Debug|Any CPU.Build.0 = Debug|Any CPU
		{E7DD201F-4243-4DA9-86E8-4B9CDC6E1C72}.Release|Any CPU.ActiveCfg = Release|Any CPU
		{E7DD201F-4243-4DA9-86E8-4B9CDC6E1C72}.Release|Any CPU.Build.0 = Release|Any CPU
		{809C8741-C5B6-4E60-A7F3-0C8070EF33A1}.Debug|Any CPU.ActiveCfg = Debug|Any CPU
		{809C8741-C5B6-4E60-A7F3-0C8070EF33A1}.Debug|Any CPU.Build.0 = Debug|Any CPU
		{809C8741-C5B6-4E60-A7F3-0C8070EF33A1}.Release|Any CPU.ActiveCfg = Release|Any CPU
		{809C8741-C5B6-4E60-A7F3-0C8070EF33A1}.Release|Any CPU.Build.0 = Release|Any CPU
		{9A76E86E-EFDC-4FC1-B6F8-18E018B4E070}.Debug|Any CPU.ActiveCfg = Debug|Any CPU
		{9A76E86E-EFDC-4FC1-B6F8-18E018B4E070}.Debug|Any CPU.Build.0 = Debug|Any CPU
		{9A76E86E-EFDC-4FC1-B6F8-18E018B4E070}.Release|Any CPU.ActiveCfg = Release|Any CPU
		{9A76E86E-EFDC-4FC1-B6F8-18E018B4E070}.Release|Any CPU.Build.0 = Release|Any CPU
		{ED175768-923E-46E6-9854-ED59D8CE8266}.Debug|Any CPU.ActiveCfg = Debug|Any CPU
		{ED175768-923E-46E6-9854-ED59D8CE8266}.Debug|Any CPU.Build.0 = Debug|Any CPU
		{ED175768-923E-46E6-9854-ED59D8CE8266}.Release|Any CPU.ActiveCfg = Release|Any CPU
		{ED175768-923E-46E6-9854-ED59D8CE8266}.Release|Any CPU.Build.0 = Release|Any CPU
	EndGlobalSection
	GlobalSection(SolutionProperties) = preSolution
		HideSolutionNode = FALSE
	EndGlobalSection
	GlobalSection(ExtensibilityGlobals) = postSolution
		SolutionGuid = {9965068D-AEA7-40FB-AE81-7E296E29B97A}
	EndGlobalSection
EndGlobal
